
Microsoft Visual Studio Solution File, Format Version 12.00
Project("{FAE04EC0-301F-11D3-BF4B-00C04F79EFBC}") = "Core", "Core\Core.csproj", "{5FA97B47-B787-4E75-AEBB-6F78AD4EB123}"
EndProject
Global
	GlobalSection(SolutionConfigurationPlatforms) = preSolution
		Debug|Any CPU = Debug|Any CPU
		Release|Any CPU = Release|Any CPU
	EndGlobalSection
	GlobalSection(ProjectConfigurationPlatforms) = postSolution
		{5FA97B47-B787-4E75-AEBB-6F78AD4EB123}.Debug|Any CPU.ActiveCfg = Debug|Any CPU
		{5FA97B47-B787-4E75-AEBB-6F78AD4EB123}.Debug|Any CPU.Build.0 = Debug|Any CPU
		{5FA97B47-B787-4E75-AEBB-6F78AD4EB123}.Release|Any CPU.ActiveCfg = Release|Any CPU
		{5FA97B47-B787-4E75-AEBB-6F78AD4EB123}.Release|Any CPU.Build.0 = Release|Any CPU
	EndGlobalSection
EndGlobal
